
Microsoft Visual Studio Solution File, Format Version 12.00
# Visual Studio Version 17
VisualStudioVersion = 17.4.33213.308
MinimumVisualStudioVersion = 10.0.40219.1
Project("{FAE04EC0-301F-11D3-BF4B-00C04F79EFBC}") = "Pustok", "Pustok\Pustok.csproj", "{B05DDDD9-1524-4620-AD17-8BDE70B7CBE2}"
EndProject
Global
	GlobalSection(SolutionConfigurationPlatforms) = preSolution
		Debug|Any CPU = Debug|Any CPU
		Release|Any CPU = Release|Any CPU
	EndGlobalSection
	GlobalSection(ProjectConfigurationPlatforms) = postSolution
		{B05DDDD9-1524-4620-AD17-8BDE70B7CBE2}.Debug|Any CPU.ActiveCfg = Debug|Any CPU
		{B05DDDD9-1524-4620-AD17-8BDE70B7CBE2}.Debug|Any CPU.Build.0 = Debug|Any CPU
		{B05DDDD9-1524-4620-AD17-8BDE70B7CBE2}.Release|Any CPU.ActiveCfg = Release|Any CPU
		{B05DDDD9-1524-4620-AD17-8BDE70B7CBE2}.Release|Any CPU.Build.0 = Release|Any CPU
	EndGlobalSection
	GlobalSection(SolutionProperties) = preSolution
		HideSolutionNode = FALSE
	EndGlobalSection
	GlobalSection(ExtensibilityGlobals) = postSolution
		SolutionGuid = {7F7EB57A-29B4-4E04-8917-A9555EBDBA44}
	EndGlobalSection
EndGlobal
